
Microsoft Visual Studio Solution File, Format Version 12.00
# Visual Studio Version 17
VisualStudioVersion = 17.6.33712.159
MinimumVisualStudioVersion = 10.0.40219.1
Project("{FAE04EC0-301F-11D3-BF4B-00C04F79EFBC}") = "LeaveManagement.Web", "LeaveManagement.Web\LeaveManagement.Web.csproj", "{CE38C436-EC89-4CC2-B48E-65754683FD5E}"
EndProject
Global
	GlobalSection(SolutionConfigurationPlatforms) = preSolution
		Debug|Any CPU = Debug|Any CPU
		Release|Any CPU = Release|Any CPU
	EndGlobalSection
	GlobalSection(ProjectConfigurationPlatforms) = postSolution
		{CE38C436-EC89-4CC2-B48E-65754683FD5E}.Debug|Any CPU.ActiveCfg = Debug|Any CPU
		{CE38C436-EC89-4CC2-B48E-65754683FD5E}.Debug|Any CPU.Build.0 = Debug|Any CPU
		{CE38C436-EC89-4CC2-B48E-65754683FD5E}.Release|Any CPU.ActiveCfg = Release|Any CPU
		{CE38C436-EC89-4CC2-B48E-65754683FD5E}.Release|Any CPU.Build.0 = Release|Any CPU
	EndGlobalSection
	GlobalSection(SolutionProperties) = preSolution
		HideSolutionNode = FALSE
	EndGlobalSection
	GlobalSection(ExtensibilityGlobals) = postSolution
		SolutionGuid = {AF3BB548-4942-4CC1-A473-05624A8FE7E7}
	EndGlobalSection
EndGlobal
